{
    "name": "@bcc-code/icons",
    "version": "0.2.1",
    "lockfileVersion": 3,
    "requires": true,
    "packages": {
        "": {
            "name": "@bcc-code/icons",
            "version": "0.2.1",
            "license": "Apache-2.0",
            "workspaces": [
                "vue"
            ],
            "devDependencies": {
                "@material-symbols/svg-500": "^0.4.6",
                "@vue/compiler-dom": "^3.0.5",
                "camelcase": "^6.0.0",
                "number-to-words": "1.2.4",
                "svgo": "^2.8.0"
            }
        },
        "node_modules/@babel/parser": {
            "version": "7.21.2",
            "resolved": "https://registry.npmjs.org/@babel/parser/-/parser-7.21.2.tgz",
            "integrity": "sha512-URpaIJQwEkEC2T9Kn+Ai6Xe/02iNaVCuT/PtoRz3GPVJVDpPd7mLo+VddTbhCRU9TXqW5mSrQfXZyi8kDKOVpQ==",
            "bin": {
                "parser": "bin/babel-parser.js"
            },
            "engines": {
                "node": ">=6.0.0"
            }
        },
        "node_modules/@bcc-code/icons-vue": {
            "resolved": "vue",
            "link": true
        },
        "node_modules/@material-symbols/svg-500": {
            "version": "0.4.6",
            "resolved": "https://registry.npmjs.org/@material-symbols/svg-500/-/svg-500-0.4.6.tgz",
            "integrity": "sha512-08KN1pMiM/gerdNRaiiQat4WUGD1LpRnfgSAgfoi/nJOiE0vFzump8cTDeXru+PVHr3omFT7ssgqZMXawjP3CQ==",
            "dev": true
        },
        "node_modules/@trysound/sax": {
            "version": "0.2.0",
            "resolved": "https://registry.npmjs.org/@trysound/sax/-/sax-0.2.0.tgz",
            "integrity": "sha512-L7z9BgrNEcYyUYtF+HaEfiS5ebkh9jXqbszz7pC0hRBPaatV0XjSD3+eHrpqFemQfgwiFF0QPIarnIihIDn7OA==",
            "dev": true,
            "engines": {
                "node": ">=10.13.0"
            }
        },
        "node_modules/@vue/compiler-core": {
            "version": "3.2.47",
            "resolved": "https://registry.npmjs.org/@vue/compiler-core/-/compiler-core-3.2.47.tgz",
            "integrity": "sha512-p4D7FDnQb7+YJmO2iPEv0SQNeNzcbHdGByJDsT4lynf63AFkOTFN07HsiRSvjGo0QrxR/o3d0hUyNCUnBU2Tig==",
            "dependencies": {
                "@babel/parser": "^7.16.4",
                "@vue/shared": "3.2.47",
                "estree-walker": "^2.0.2",
                "source-map": "^0.6.1"
            }
        },
        "node_modules/@vue/compiler-dom": {
            "version": "3.2.47",
            "resolved": "https://registry.npmjs.org/@vue/compiler-dom/-/compiler-dom-3.2.47.tgz",
            "integrity": "sha512-dBBnEHEPoftUiS03a4ggEig74J2YBZ2UIeyfpcRM2tavgMWo4bsEfgCGsu+uJIL/vax9S+JztH8NmQerUo7shQ==",
            "dependencies": {
                "@vue/compiler-core": "3.2.47",
                "@vue/shared": "3.2.47"
            }
        },
        "node_modules/@vue/compiler-sfc": {
            "version": "3.2.47",
            "resolved": "https://registry.npmjs.org/@vue/compiler-sfc/-/compiler-sfc-3.2.47.tgz",
            "integrity": "sha512-rog05W+2IFfxjMcFw10tM9+f7i/+FFpZJJ5XHX72NP9eC2uRD+42M3pYcQqDXVYoj74kHMSEdQ/WmCjt8JFksQ==",
            "peer": true,
            "dependencies": {
                "@babel/parser": "^7.16.4",
                "@vue/compiler-core": "3.2.47",
                "@vue/compiler-dom": "3.2.47",
                "@vue/compiler-ssr": "3.2.47",
                "@vue/reactivity-transform": "3.2.47",
                "@vue/shared": "3.2.47",
                "estree-walker": "^2.0.2",
                "magic-string": "^0.25.7",
                "postcss": "^8.1.10",
                "source-map": "^0.6.1"
            }
        },
        "node_modules/@vue/compiler-ssr": {
            "version": "3.2.47",
            "resolved": "https://registry.npmjs.org/@vue/compiler-ssr/-/compiler-ssr-3.2.47.tgz",
            "integrity": "sha512-wVXC+gszhulcMD8wpxMsqSOpvDZ6xKXSVWkf50Guf/S+28hTAXPDYRTbLQ3EDkOP5Xz/+SY37YiwDquKbJOgZw==",
            "peer": true,
            "dependencies": {
                "@vue/compiler-dom": "3.2.47",
                "@vue/shared": "3.2.47"
            }
        },
        "node_modules/@vue/reactivity": {
            "version": "3.2.47",
            "resolved": "https://registry.npmjs.org/@vue/reactivity/-/reactivity-3.2.47.tgz",
            "integrity": "sha512-7khqQ/75oyyg+N/e+iwV6lpy1f5wq759NdlS1fpAhFXa8VeAIKGgk2E/C4VF59lx5b+Ezs5fpp/5WsRYXQiKxQ==",
            "peer": true,
            "dependencies": {
                "@vue/shared": "3.2.47"
            }
        },
        "node_modules/@vue/reactivity-transform": {
            "version": "3.2.47",
            "resolved": "https://registry.npmjs.org/@vue/reactivity-transform/-/reactivity-transform-3.2.47.tgz",
            "integrity": "sha512-m8lGXw8rdnPVVIdIFhf0LeQ/ixyHkH5plYuS83yop5n7ggVJU+z5v0zecwEnX7fa7HNLBhh2qngJJkxpwEEmYA==",
            "peer": true,
            "dependencies": {
                "@babel/parser": "^7.16.4",
                "@vue/compiler-core": "3.2.47",
                "@vue/shared": "3.2.47",
                "estree-walker": "^2.0.2",
                "magic-string": "^0.25.7"
            }
        },
        "node_modules/@vue/runtime-core": {
            "version": "3.2.47",
            "resolved": "https://registry.npmjs.org/@vue/runtime-core/-/runtime-core-3.2.47.tgz",
            "integrity": "sha512-RZxbLQIRB/K0ev0K9FXhNbBzT32H9iRtYbaXb0ZIz2usLms/D55dJR2t6cIEUn6vyhS3ALNvNthI+Q95C+NOpA==",
            "peer": true,
            "dependencies": {
                "@vue/reactivity": "3.2.47",
                "@vue/shared": "3.2.47"
            }
        },
        "node_modules/@vue/runtime-dom": {
            "version": "3.2.47",
            "resolved": "https://registry.npmjs.org/@vue/runtime-dom/-/runtime-dom-3.2.47.tgz",
            "integrity": "sha512-ArXrFTjS6TsDei4qwNvgrdmHtD930KgSKGhS5M+j8QxXrDJYLqYw4RRcDy1bz1m1wMmb6j+zGLifdVHtkXA7gA==",
            "peer": true,
            "dependencies": {
                "@vue/runtime-core": "3.2.47",
                "@vue/shared": "3.2.47",
                "csstype": "^2.6.8"
            }
        },
        "node_modules/@vue/server-renderer": {
            "version": "3.2.47",
            "resolved": "https://registry.npmjs.org/@vue/server-renderer/-/server-renderer-3.2.47.tgz",
            "integrity": "sha512-dN9gc1i8EvmP9RCzvneONXsKfBRgqFeFZLurmHOveL7oH6HiFXJw5OGu294n1nHc/HMgTy6LulU/tv5/A7f/LA==",
            "peer": true,
            "dependencies": {
                "@vue/compiler-ssr": "3.2.47",
                "@vue/shared": "3.2.47"
            },
            "peerDependencies": {
                "vue": "3.2.47"
            }
        },
        "node_modules/@vue/shared": {
            "version": "3.2.47",
            "resolved": "https://registry.npmjs.org/@vue/shared/-/shared-3.2.47.tgz",
            "integrity": "sha512-BHGyyGN3Q97EZx0taMQ+OLNuZcW3d37ZEVmEAyeoA9ERdGvm9Irc/0Fua8SNyOtV1w6BS4q25wbMzJujO9HIfQ=="
        },
        "node_modules/boolbase": {
            "version": "1.0.0",
            "resolved": "https://registry.npmjs.org/boolbase/-/boolbase-1.0.0.tgz",
            "integrity": "sha512-JZOSA7Mo9sNGB8+UjSgzdLtokWAky1zbztM3WRLCbZ70/3cTANmQmOdR7y2g+J0e2WXywy1yS468tY+IruqEww==",
            "dev": true
        },
        "node_modules/camelcase": {
            "version": "6.3.0",
            "resolved": "https://registry.npmjs.org/camelcase/-/camelcase-6.3.0.tgz",
            "integrity": "sha512-Gmy6FhYlCY7uOElZUSbxo2UCDH8owEk996gkbrpsgGtrJLM3J7jGxl9Ic7Qwwj4ivOE5AWZWRMecDdF7hqGjFA==",
            "dev": true,
            "engines": {
                "node": ">=10"
            },
            "funding": {
                "url": "https://github.com/sponsors/sindresorhus"
            }
        },
        "node_modules/commander": {
            "version": "7.2.0",
            "resolved": "https://registry.npmjs.org/commander/-/commander-7.2.0.tgz",
            "integrity": "sha512-QrWXB+ZQSVPmIWIhtEO9H+gwHaMGYiF5ChvoJ+K9ZGHG/sVsa6yiesAD1GC/x46sET00Xlwo1u49RVVVzvcSkw==",
            "dev": true,
            "engines": {
                "node": ">= 10"
            }
        },
        "node_modules/css-select": {
            "version": "4.3.0",
            "resolved": "https://registry.npmjs.org/css-select/-/css-select-4.3.0.tgz",
            "integrity": "sha512-wPpOYtnsVontu2mODhA19JrqWxNsfdatRKd64kmpRbQgh1KtItko5sTnEpPdpSaJszTOhEMlF/RPz28qj4HqhQ==",
            "dev": true,
            "dependencies": {
                "boolbase": "^1.0.0",
                "css-what": "^6.0.1",
                "domhandler": "^4.3.1",
                "domutils": "^2.8.0",
                "nth-check": "^2.0.1"
            },
            "funding": {
                "url": "https://github.com/sponsors/fb55"
            }
        },
        "node_modules/css-tree": {
            "version": "1.1.3",
            "resolved": "https://registry.npmjs.org/css-tree/-/css-tree-1.1.3.tgz",
            "integrity": "sha512-tRpdppF7TRazZrjJ6v3stzv93qxRcSsFmW6cX0Zm2NVKpxE1WV1HblnghVv9TreireHkqI/VDEsfolRF1p6y7Q==",
            "dev": true,
            "dependencies": {
                "mdn-data": "2.0.14",
                "source-map": "^0.6.1"
            },
            "engines": {
                "node": ">=8.0.0"
            }
        },
        "node_modules/css-what": {
            "version": "6.1.0",
            "resolved": "https://registry.npmjs.org/css-what/-/css-what-6.1.0.tgz",
            "integrity": "sha512-HTUrgRJ7r4dsZKU6GjmpfRK1O76h97Z8MfS1G0FozR+oF2kG6Vfe8JE6zwrkbxigziPHinCJ+gCPjA9EaBDtRw==",
            "dev": true,
            "engines": {
                "node": ">= 6"
            },
            "funding": {
                "url": "https://github.com/sponsors/fb55"
            }
        },
        "node_modules/csso": {
            "version": "4.2.0",
            "resolved": "https://registry.npmjs.org/csso/-/csso-4.2.0.tgz",
            "integrity": "sha512-wvlcdIbf6pwKEk7vHj8/Bkc0B4ylXZruLvOgs9doS5eOsOpuodOV2zJChSpkp+pRpYQLQMeF04nr3Z68Sta9jA==",
            "dev": true,
            "dependencies": {
                "css-tree": "^1.1.2"
            },
            "engines": {
                "node": ">=8.0.0"
            }
        },
        "node_modules/csstype": {
            "version": "2.6.21",
            "resolved": "https://registry.npmjs.org/csstype/-/csstype-2.6.21.tgz",
            "integrity": "sha512-Z1PhmomIfypOpoMjRQB70jfvy/wxT50qW08YXO5lMIJkrdq4yOTR+AW7FqutScmB9NkLwxo+jU+kZLbofZZq/w==",
            "peer": true
        },
        "node_modules/dom-serializer": {
            "version": "1.4.1",
            "resolved": "https://registry.npmjs.org/dom-serializer/-/dom-serializer-1.4.1.tgz",
            "integrity": "sha512-VHwB3KfrcOOkelEG2ZOfxqLZdfkil8PtJi4P8N2MMXucZq2yLp75ClViUlOVwyoHEDjYU433Aq+5zWP61+RGag==",
            "dev": true,
            "dependencies": {
                "domelementtype": "^2.0.1",
                "domhandler": "^4.2.0",
                "entities": "^2.0.0"
            },
            "funding": {
                "url": "https://github.com/cheeriojs/dom-serializer?sponsor=1"
            }
        },
        "node_modules/domelementtype": {
            "version": "2.3.0",
            "resolved": "https://registry.npmjs.org/domelementtype/-/domelementtype-2.3.0.tgz",
            "integrity": "sha512-OLETBj6w0OsagBwdXnPdN0cnMfF9opN69co+7ZrbfPGrdpPVNBUj02spi6B1N7wChLQiPn4CSH/zJvXw56gmHw==",
            "dev": true,
            "funding": [
                {
                    "type": "github",
                    "url": "https://github.com/sponsors/fb55"
                }
            ]
        },
        "node_modules/domhandler": {
            "version": "4.3.1",
            "resolved": "https://registry.npmjs.org/domhandler/-/domhandler-4.3.1.tgz",
            "integrity": "sha512-GrwoxYN+uWlzO8uhUXRl0P+kHE4GtVPfYzVLcUxPL7KNdHKj66vvlhiweIHqYYXWlw+T8iLMp42Lm67ghw4WMQ==",
            "dev": true,
            "dependencies": {
                "domelementtype": "^2.2.0"
            },
            "engines": {
                "node": ">= 4"
            },
            "funding": {
                "url": "https://github.com/fb55/domhandler?sponsor=1"
            }
        },
        "node_modules/domutils": {
            "version": "2.8.0",
            "resolved": "https://registry.npmjs.org/domutils/-/domutils-2.8.0.tgz",
            "integrity": "sha512-w96Cjofp72M5IIhpjgobBimYEfoPjx1Vx0BSX9P30WBdZW2WIKU0T1Bd0kz2eNZ9ikjKgHbEyKx8BB6H1L3h3A==",
            "dev": true,
            "dependencies": {
                "dom-serializer": "^1.0.1",
                "domelementtype": "^2.2.0",
                "domhandler": "^4.2.0"
            },
            "funding": {
                "url": "https://github.com/fb55/domutils?sponsor=1"
            }
        },
        "node_modules/entities": {
            "version": "2.2.0",
            "resolved": "https://registry.npmjs.org/entities/-/entities-2.2.0.tgz",
            "integrity": "sha512-p92if5Nz619I0w+akJrLZH0MX0Pb5DX39XOwQTtXSdQQOaYH03S1uIQp4mhOZtAXrxq4ViO67YTiLBo2638o9A==",
            "dev": true,
            "funding": {
                "url": "https://github.com/fb55/entities?sponsor=1"
            }
        },
        "node_modules/estree-walker": {
            "version": "2.0.2",
            "resolved": "https://registry.npmjs.org/estree-walker/-/estree-walker-2.0.2.tgz",
            "integrity": "sha512-Rfkk/Mp/DL7JVje3u18FxFujQlTNR2q6QfMSMB7AvCBx91NGj/ba3kCfza0f6dVDbw7YlRf/nDrn7pQrCCyQ/w=="
        },
        "node_modules/magic-string": {
            "version": "0.25.9",
            "resolved": "https://registry.npmjs.org/magic-string/-/magic-string-0.25.9.tgz",
            "integrity": "sha512-RmF0AsMzgt25qzqqLc1+MbHmhdx0ojF2Fvs4XnOqz2ZOBXzzkEwc/dJQZCYHAn7v1jbVOjAZfK8msRn4BxO4VQ==",
            "peer": true,
            "dependencies": {
                "sourcemap-codec": "^1.4.8"
            }
        },
        "node_modules/mdn-data": {
            "version": "2.0.14",
            "resolved": "https://registry.npmjs.org/mdn-data/-/mdn-data-2.0.14.tgz",
            "integrity": "sha512-dn6wd0uw5GsdswPFfsgMp5NSB0/aDe6fK94YJV/AJDYXL6HVLWBsxeq7js7Ad+mU2K9LAlwpk6kN2D5mwCPVow==",
            "dev": true
        },
        "node_modules/nanoid": {
            "version": "3.3.4",
            "resolved": "https://registry.npmjs.org/nanoid/-/nanoid-3.3.4.tgz",
            "integrity": "sha512-MqBkQh/OHTS2egovRtLk45wEyNXwF+cokD+1YPf9u5VfJiRdAiRwB2froX5Co9Rh20xs4siNPm8naNotSD6RBw==",
            "peer": true,
            "bin": {
                "nanoid": "bin/nanoid.cjs"
            },
            "engines": {
                "node": "^10 || ^12 || ^13.7 || ^14 || >=15.0.1"
            }
        },
        "node_modules/nth-check": {
            "version": "2.1.1",
            "resolved": "https://registry.npmjs.org/nth-check/-/nth-check-2.1.1.tgz",
            "integrity": "sha512-lqjrjmaOoAnWfMmBPL+XNnynZh2+swxiX3WUE0s4yEHI6m+AwrK2UZOimIRl3X/4QctVqS8AiZjFqyOGrMXb/w==",
            "dev": true,
            "dependencies": {
                "boolbase": "^1.0.0"
            },
            "funding": {
                "url": "https://github.com/fb55/nth-check?sponsor=1"
            }
        },
        "node_modules/number-to-words": {
            "version": "1.2.4",
            "resolved": "https://registry.npmjs.org/number-to-words/-/number-to-words-1.2.4.tgz",
            "integrity": "sha512-/fYevVkXRcyBiZDg6yzZbm0RuaD6i0qRfn8yr+6D0KgBMOndFPxuW10qCHpzs50nN8qKuv78k8MuotZhcVX6Pw==",
            "dev": true
        },
        "node_modules/picocolors": {
            "version": "1.0.0",
            "resolved": "https://registry.npmjs.org/picocolors/-/picocolors-1.0.0.tgz",
            "integrity": "sha512-1fygroTLlHu66zi26VoTDv8yRgm0Fccecssto+MhsZ0D/DGW2sm8E8AjW7NU5VVTRt5GxbeZ5qBuJr+HyLYkjQ=="
        },
        "node_modules/postcss": {
            "version": "8.4.21",
            "resolved": "https://registry.npmjs.org/postcss/-/postcss-8.4.21.tgz",
            "integrity": "sha512-tP7u/Sn/dVxK2NnruI4H9BG+x+Wxz6oeZ1cJ8P6G/PZY0IKk4k/63TDsQf2kQq3+qoJeLm2kIBUNlZe3zgb4Zg==",
            "funding": [
                {
                    "type": "opencollective",
                    "url": "https://opencollective.com/postcss/"
                },
                {
                    "type": "tidelift",
                    "url": "https://tidelift.com/funding/github/npm/postcss"
                }
            ],
            "peer": true,
            "dependencies": {
                "nanoid": "^3.3.4",
                "picocolors": "^1.0.0",
                "source-map-js": "^1.0.2"
            },
            "engines": {
                "node": "^10 || ^12 || >=14"
            }
        },
        "node_modules/source-map": {
            "version": "0.6.1",
            "resolved": "https://registry.npmjs.org/source-map/-/source-map-0.6.1.tgz",
            "integrity": "sha512-UjgapumWlbMhkBgzT7Ykc5YXUT46F0iKu8SGXq0bcwP5dz/h0Plj6enJqjz1Zbq2l5WaqYnrVbwWOWMyF3F47g==",
            "engines": {
                "node": ">=0.10.0"
            }
        },
        "node_modules/source-map-js": {
            "version": "1.0.2",
            "resolved": "https://registry.npmjs.org/source-map-js/-/source-map-js-1.0.2.tgz",
            "integrity": "sha512-R0XvVJ9WusLiqTCEiGCmICCMplcCkIwwR11mOSD9CR5u+IXYdiseeEuXCVAjS54zqwkLcPNnmU4OeJ6tUrWhDw==",
            "peer": true,
            "engines": {
                "node": ">=0.10.0"
            }
        },
        "node_modules/sourcemap-codec": {
            "version": "1.4.8",
            "resolved": "https://registry.npmjs.org/sourcemap-codec/-/sourcemap-codec-1.4.8.tgz",
            "integrity": "sha512-9NykojV5Uih4lgo5So5dtw+f0JgJX30KCNI8gwhz2J9A15wD0Ml6tjHKwf6fTSa6fAdVBdZeNOs9eJ71qCk8vA==",
            "deprecated": "Please use @jridgewell/sourcemap-codec instead",
            "peer": true
        },
        "node_modules/stable": {
            "version": "0.1.8",
            "resolved": "https://registry.npmjs.org/stable/-/stable-0.1.8.tgz",
            "integrity": "sha512-ji9qxRnOVfcuLDySj9qzhGSEFVobyt1kIOSkj1qZzYLzq7Tos/oUUWvotUPQLlrsidqsK6tBH89Bc9kL5zHA6w==",
            "deprecated": "Modern JS already guarantees Array#sort() is a stable sort, so this library is deprecated. See the compatibility table on MDN: https://developer.mozilla.org/en-US/docs/Web/JavaScript/Reference/Global_Objects/Array/sort#browser_compatibility",
            "dev": true
        },
        "node_modules/svgo": {
            "version": "2.8.0",
            "resolved": "https://registry.npmjs.org/svgo/-/svgo-2.8.0.tgz",
            "integrity": "sha512-+N/Q9kV1+F+UeWYoSiULYo4xYSDQlTgb+ayMobAXPwMnLvop7oxKMo9OzIrX5x3eS4L4f2UHhc9axXwY8DpChg==",
            "dev": true,
            "dependencies": {
                "@trysound/sax": "0.2.0",
                "commander": "^7.2.0",
                "css-select": "^4.1.3",
                "css-tree": "^1.1.3",
                "csso": "^4.2.0",
                "picocolors": "^1.0.0",
                "stable": "^0.1.8"
            },
            "bin": {
                "svgo": "bin/svgo"
            },
            "engines": {
                "node": ">=10.13.0"
            }
        },
        "node_modules/vue": {
            "version": "3.2.47",
            "resolved": "https://registry.npmjs.org/vue/-/vue-3.2.47.tgz",
            "integrity": "sha512-60188y/9Dc9WVrAZeUVSDxRQOZ+z+y5nO2ts9jWXSTkMvayiWxCWOWtBQoYjLeccfXkiiPZWAHcV+WTPhkqJHQ==",
            "peer": true,
            "dependencies": {
                "@vue/compiler-dom": "3.2.47",
                "@vue/compiler-sfc": "3.2.47",
                "@vue/runtime-dom": "3.2.47",
                "@vue/server-renderer": "3.2.47",
                "@vue/shared": "3.2.47"
            }
        },
        "vue": {
            "version": "0.2.1",
            "license": "Apache-2.0",
            "peerDependencies": {
                "vue": ">= 3"
            }
        }
    }
}
